// !$*UTF8*$!
{
	archiveVersion = 1;
	classes = {
	};
	objectVersion = 46;
	objects = {

/* Begin PBXBuildFile section */
		23EC7F1D1C3F235E00830C84 /* AppDelegate.swift in Sources */ = {isa = PBXBuildFile; fileRef = 23EC7F1C1C3F235E00830C84 /* AppDelegate.swift */; };
		23EC7F221C3F235E00830C84 /* Main.storyboard in Resources */ = {isa = PBXBuildFile; fileRef = 23EC7F201C3F235E00830C84 /* Main.storyboard */; };
		23EC7F241C3F235E00830C84 /* Assets.xcassets in Resources */ = {isa = PBXBuildFile; fileRef = 23EC7F231C3F235E00830C84 /* Assets.xcassets */; };
		23EC7F271C3F235E00830C84 /* LaunchScreen.storyboard in Resources */ = {isa = PBXBuildFile; fileRef = 23EC7F251C3F235E00830C84 /* LaunchScreen.storyboard */; };
		23EC7F2F1C3F238800830C84 /* SearchViewController.swift in Sources */ = {isa = PBXBuildFile; fileRef = 23EC7F2E1C3F238800830C84 /* SearchViewController.swift */; };
		23EC7F321C3F284600830C84 /* SearchResults.swift in Sources */ = {isa = PBXBuildFile; fileRef = 23EC7F311C3F284600830C84 /* SearchResults.swift */; };
		23EC7F351C3F2D8600830C84 /* SearchResultsCell.xib in Resources */ = {isa = PBXBuildFile; fileRef = 23EC7F341C3F2D8600830C84 /* SearchResultsCell.xib */; };
		23EC7F371C3F2F8100830C84 /* SearchResultsTableViewCell.swift in Sources */ = {isa = PBXBuildFile; fileRef = 23EC7F361C3F2F8100830C84 /* SearchResultsTableViewCell.swift */; };
		23EC7F3A1C3F320800830C84 /* NothingFoundTableViewCell.swift in Sources */ = {isa = PBXBuildFile; fileRef = 23EC7F381C3F320800830C84 /* NothingFoundTableViewCell.swift */; };
		23EC7F3B1C3F320800830C84 /* NothingFoundTableViewCell.xib in Resources */ = {isa = PBXBuildFile; fileRef = 23EC7F391C3F320800830C84 /* NothingFoundTableViewCell.xib */; };
/* End PBXBuildFile section */

/* Begin PBXFileReference section */
		23EC7F191C3F235E00830C84 /* iSearch.app */ = {isa = PBXFileReference; explicitFileType = wrapper.application; includeInIndex = 0; path = iSearch.app; sourceTree = BUILT_PRODUCTS_DIR; };
		23EC7F1C1C3F235E00830C84 /* AppDelegate.swift */ = {isa = PBXFileReference; lastKnownFileType = sourcecode.swift; path = AppDelegate.swift; sourceTree = "<group>"; };
		23EC7F211C3F235E00830C84 /* Base */ = {isa = PBXFileReference; lastKnownFileType = file.storyboard; name = Base; path = Base.lproj/Main.storyboard; sourceTree = "<group>"; };
		23EC7F231C3F235E00830C84 /* Assets.xcassets */ = {isa = PBXFileReference; lastKnownFileType = folder.assetcatalog; path = Assets.xcassets; sourceTree = "<group>"; };
		23EC7F261C3F235E00830C84 /* Base */ = {isa = PBXFileReference; lastKnownFileType = file.storyboard; name = Base; path = Base.lproj/LaunchScreen.storyboard; sourceTree = "<group>"; };
		23EC7F281C3F235E00830C84 /* Info.plist */ = {isa = PBXFileReference; lastKnownFileType = text.plist.xml; path = Info.plist; sourceTree = "<group>"; };
		23EC7F2E1C3F238800830C84 /* SearchViewController.swift */ = {isa = PBXFileReference; fileEncoding = 4; lastKnownFileType = sourcecode.swift; path = SearchViewController.swift; sourceTree = "<group>"; };
		23EC7F311C3F284600830C84 /* SearchResults.swift */ = {isa = PBXFileReference; fileEncoding = 4; lastKnownFileType = sourcecode.swift; path = SearchResults.swift; sourceTree = "<group>"; };
		23EC7F341C3F2D8600830C84 /* SearchResultsCell.xib */ = {isa = PBXFileReference; fileEncoding = 4; lastKnownFileType = file.xib; path = SearchResultsCell.xib; sourceTree = "<group>"; };
		23EC7F361C3F2F8100830C84 /* SearchResultsTableViewCell.swift */ = {isa = PBXFileReference; fileEncoding = 4; lastKnownFileType = sourcecode.swift; path = SearchResultsTableViewCell.swift; sourceTree = "<group>"; };
		23EC7F381C3F320800830C84 /* NothingFoundTableViewCell.swift */ = {isa = PBXFileReference; fileEncoding = 4; lastKnownFileType = sourcecode.swift; path = NothingFoundTableViewCell.swift; sourceTree = "<group>"; };
		23EC7F391C3F320800830C84 /* NothingFoundTableViewCell.xib */ = {isa = PBXFileReference; fileEncoding = 4; lastKnownFileType = file.xib; path = NothingFoundTableViewCell.xib; sourceTree = "<group>"; };
/* End PBXFileReference section */

/* Begin PBXFrameworksBuildPhase section */
		23EC7F161C3F235E00830C84 /* Frameworks */ = {
			isa = PBXFrameworksBuildPhase;
			buildActionMask = 2147483647;
			files = (
			);
			runOnlyForDeploymentPostprocessing = 0;
		};
/* End PBXFrameworksBuildPhase section */

/* Begin PBXGroup section */
		23EC7F101C3F235D00830C84 = {
			isa = PBXGroup;
			children = (
				23EC7F1B1C3F235E00830C84 /* iSearch */,
				23EC7F1A1C3F235E00830C84 /* Products */,
			);
			sourceTree = "<group>";
		};
		23EC7F1A1C3F235E00830C84 /* Products */ = {
			isa = PBXGroup;
			children = (
				23EC7F191C3F235E00830C84 /* iSearch.app */,
			);
			name = Products;
			sourceTree = "<group>";
		};
		23EC7F1B1C3F235E00830C84 /* iSearch */ = {
			isa = PBXGroup;
			children = (
				23EC7F331C3F2D7600830C84 /* View */,
				23EC7F301C3F283C00830C84 /* Model */,
				23EC7F1C1C3F235E00830C84 /* AppDelegate.swift */,
				23EC7F2E1C3F238800830C84 /* SearchViewController.swift */,
				23EC7F201C3F235E00830C84 /* Main.storyboard */,
				23EC7F231C3F235E00830C84 /* Assets.xcassets */,
				23EC7F251C3F235E00830C84 /* LaunchScreen.storyboard */,
				23EC7F281C3F235E00830C84 /* Info.plist */,
			);
			path = iSearch;
			sourceTree = "<group>";
		};
		23EC7F301C3F283C00830C84 /* Model */ = {
			isa = PBXGroup;
			children = (
				23EC7F311C3F284600830C84 /* SearchResults.swift */,
			);
			name = Model;
			sourceTree = "<group>";
		};
		23EC7F331C3F2D7600830C84 /* View */ = {
			isa = PBXGroup;
			children = (
				23EC7F361C3F2F8100830C84 /* SearchResultsTableViewCell.swift */,
				23EC7F341C3F2D8600830C84 /* SearchResultsCell.xib */,
				23EC7F381C3F320800830C84 /* NothingFoundTableViewCell.swift */,
				23EC7F391C3F320800830C84 /* NothingFoundTableViewCell.xib */,
			);
			name = View;
			sourceTree = "<group>";
		};
/* End PBXGroup section */

/* Begin PBXNativeTarget section */
		23EC7F181C3F235E00830C84 /* iSearch */ = {
			isa = PBXNativeTarget;
			buildConfigurationList = 23EC7F2B1C3F235E00830C84 /* Build configuration list for PBXNativeTarget "iSearch" */;
			buildPhases = (
				23EC7F151C3F235E00830C84 /* Sources */,
				23EC7F161C3F235E00830C84 /* Frameworks */,
				23EC7F171C3F235E00830C84 /* Resources */,
			);
			buildRules = (
			);
			dependencies = (
			);
			name = iSearch;
			productName = iSearch;
			productReference = 23EC7F191C3F235E00830C84 /* iSearch.app */;
			productType = "com.apple.product-type.application";
		};
/* End PBXNativeTarget section */

/* Begin PBXProject section */
		23EC7F111C3F235D00830C84 /* Project object */ = {
			isa = PBXProject;
			attributes = {
				LastSwiftUpdateCheck = 0720;
				LastUpgradeCheck = 0720;
				ORGANIZATIONNAME = "Antonio Alves";
				TargetAttributes = {
					23EC7F181C3F235E00830C84 = {
						CreatedOnToolsVersion = 7.2;
						DevelopmentTeam = Q64TRSP8S5;
					};
				};
			};
			buildConfigurationList = 23EC7F141C3F235D00830C84 /* Build configuration list for PBXProject "iSearch" */;
			compatibilityVersion = "Xcode 3.2";
			developmentRegion = English;
			hasScannedForEncodings = 0;
			knownRegions = (
				en,
				Base,
			);
			mainGroup = 23EC7F101C3F235D00830C84;
			productRefGroup = 23EC7F1A1C3F235E00830C84 /* Products */;
			projectDirPath = "";
			projectRoot = "";
			targets = (
				23EC7F181C3F235E00830C84 /* iSearch */,
			);
		};
/* End PBXProject section */

/* Begin PBXResourcesBuildPhase section */
		23EC7F171C3F235E00830C84 /* Resources */ = {
			isa = PBXResourcesBuildPhase;
			buildActionMask = 2147483647;
			files = (
				23EC7F271C3F235E00830C84 /* LaunchScreen.storyboard in Resources */,
				23EC7F241C3F235E00830C84 /* Assets.xcassets in Resources */,
				23EC7F3B1C3F320800830C84 /* NothingFoundTableViewCell.xib in Resources */,
				23EC7F351C3F2D8600830C84 /* SearchResultsCell.xib in Resources */,
				23EC7F221C3F235E00830C84 /* Main.storyboard in Resources */,
			);
			runOnlyForDeploymentPostprocessing = 0;
		};
/* End PBXResourcesBuildPhase section */

/* Begin PBXSourcesBuildPhase section */
		23EC7F151C3F235E00830C84 /* Sources */ = {
			isa = PBXSourcesBuildPhase;
			buildActionMask = 2147483647;
			files = (
				23EC7F371C3F2F8100830C84 /* SearchResultsTableViewCell.swift in Sources */,
				23EC7F2F1C3F238800830C84 /* SearchViewController.swift in Sources */,
				23EC7F321C3F284600830C84 /* SearchResults.swift in Sources */,
				23EC7F1D1C3F235E00830C84 /* AppDelegate.swift in Sources */,
				23EC7F3A1C3F320800830C84 /* NothingFoundTableViewCell.swift in Sources */,
			);
			runOnlyForDeploymentPostprocessing = 0;
		};
/* End PBXSourcesBuildPhase section */

/* Begin PBXVariantGroup section */
		23EC7F201C3F235E00830C84 /* Main.storyboard */ = {
			isa = PBXVariantGroup;
			children = (
				23EC7F211C3F235E00830C84 /* Base */,
			);
			name = Main.storyboard;
			sourceTree = "<group>";
		};
		23EC7F251C3F235E00830C84 /* LaunchScreen.storyboard */ = {
			isa = PBXVariantGroup;
			children = (
				23EC7F261C3F235E00830C84 /* Base */,
			);
			name = LaunchScreen.storyboard;
			sourceTree = "<group>";
		};
/* End PBXVariantGroup section */

/* Begin XCBuildConfiguration section */
		23EC7F291C3F235E00830C84 /* Debug */ = {
			isa = XCBuildConfiguration;
			buildSettings = {
				ALWAYS_SEARCH_USER_PATHS = NO;
				CLANG_CXX_LANGUAGE_STANDARD = "gnu++0x";
				CLANG_CXX_LIBRARY = "libc++";
				CLANG_ENABLE_MODULES = YES;
				CLANG_ENABLE_OBJC_ARC = YES;
				CLANG_WARN_BOOL_CONVERSION = YES;
				CLANG_WARN_CONSTANT_CONVERSION = YES;
				CLANG_WARN_DIRECT_OBJC_ISA_USAGE = YES_ERROR;
				CLANG_WARN_EMPTY_BODY = YES;
				CLANG_WARN_ENUM_CONVERSION = YES;
				CLANG_WARN_INT_CONVERSION = YES;
				CLANG_WARN_OBJC_ROOT_CLASS = YES_ERROR;
				CLANG_WARN_UNREACHABLE_CODE = YES;
				CLANG_WARN__DUPLICATE_METHOD_MATCH = YES;
				"CODE_SIGN_IDENTITY[sdk=iphoneos*]" = "iPhone Developer";
				COPY_PHASE_STRIP = NO;
				DEBUG_INFORMATION_FORMAT = dwarf;
				ENABLE_STRICT_OBJC_MSGSEND = YES;
				ENABLE_TESTABILITY = YES;
				GCC_C_LANGUAGE_STANDARD = gnu99;
				GCC_DYNAMIC_NO_PIC = NO;
				GCC_NO_COMMON_BLOCKS = YES;
				GCC_OPTIMIZATION_LEVEL = 0;
				GCC_PREPROCESSOR_DEFINITIONS = (
					"DEBUG=1",
					"$(inherited)",
				);
				GCC_WARN_64_TO_32_BIT_CONVERSION = YES;
				GCC_WARN_ABOUT_RETURN_TYPE = YES_ERROR;
				GCC_WARN_UNDECLARED_SELECTOR = YES;
				GCC_WARN_UNINITIALIZED_AUTOS = YES_AGGRESSIVE;
				GCC_WARN_UNUSED_FUNCTION = YES;
				GCC_WARN_UNUSED_VARIABLE = YES;
				IPHONEOS_DEPLOYMENT_TARGET = 9.2;
				MTL_ENABLE_DEBUG_INFO = YES;
				ONLY_ACTIVE_ARCH = YES;
				SDKROOT = iphoneos;
				SWIFT_OPTIMIZATION_LEVEL = "-Onone";
			};
			name = Debug;
		};
		23EC7F2A1C3F235E00830C84 /* Release */ = {
			isa = XCBuildConfiguration;
			buildSettings = {
				ALWAYS_SEARCH_USER_PATHS = NO;
				CLANG_CXX_LANGUAGE_STANDARD = "gnu++0x";
				CLANG_CXX_LIBRARY = "libc++";
				CLANG_ENABLE_MODULES = YES;
				CLANG_ENABLE_OBJC_ARC = YES;
				CLANG_WARN_BOOL_CONVERSION = YES;
				CLANG_WARN_CONSTANT_CONVERSION = YES;
				CLANG_WARN_DIRECT_OBJC_ISA_USAGE = YES_ERROR;
				CLANG_WARN_EMPTY_BODY = YES;
				CLANG_WARN_ENUM_CONVERSION = YES;
				CLANG_WARN_INT_CONVERSION = YES;
				CLANG_WARN_OBJC_ROOT_CLASS = YES_ERROR;
				CLANG_WARN_UNREACHABLE_CODE = YES;
				CLANG_WARN__DUPLICATE_METHOD_MATCH = YES;
				"CODE_SIGN_IDENTITY[sdk=iphoneos*]" = "iPhone Developer";
				COPY_PHASE_STRIP = NO;
				DEBUG_INFORMATION_FORMAT = "dwarf-with-dsym";
				ENABLE_NS_ASSERTIONS = NO;
				ENABLE_STRICT_OBJC_MSGSEND = YES;
				GCC_C_LANGUAGE_STANDARD = gnu99;
				GCC_NO_COMMON_BLOCKS = YES;
				GCC_WARN_64_TO_32_BIT_CONVERSION = YES;
				GCC_WARN_ABOUT_RETURN_TYPE = YES_ERROR;
				GCC_WARN_UNDECLARED_SELECTOR = YES;
				GCC_WARN_UNINITIALIZED_AUTOS = YES_AGGRESSIVE;
				GCC_WARN_UNUSED_FUNCTION = YES;
				GCC_WARN_UNUSED_VARIABLE = YES;
				IPHONEOS_DEPLOYMENT_TARGET = 9.2;
				MTL_ENABLE_DEBUG_INFO = NO;
				SDKROOT = iphoneos;
				VALIDATE_PRODUCT = YES;
			};
			name = Release;
		};
		23EC7F2C1C3F235E00830C84 /* Debug */ = {
			isa = XCBuildConfiguration;
			buildSettings = {
				ASSETCATALOG_COMPILER_APPICON_NAME = AppIcon;
				INFOPLIST_FILE = iSearch/Info.plist;
				LD_RUNPATH_SEARCH_PATHS = "$(inherited) @executable_path/Frameworks";
				PRODUCT_BUNDLE_IDENTIFIER = com.antonio.iSearch;
				PRODUCT_NAME = "$(TARGET_NAME)";
			};
			name = Debug;
		};
		23EC7F2D1C3F235E00830C84 /* Release */ = {
			isa = XCBuildConfiguration;
			buildSettings = {
				ASSETCATALOG_COMPILER_APPICON_NAME = AppIcon;
				INFOPLIST_FILE = iSearch/Info.plist;
				LD_RUNPATH_SEARCH_PATHS = "$(inherited) @executable_path/Frameworks";
				PRODUCT_BUNDLE_IDENTIFIER = com.antonio.iSearch;
				PRODUCT_NAME = "$(TARGET_NAME)";
			};
			name = Release;
		};
/* End XCBuildConfiguration section */

/* Begin XCConfigurationList section */
		23EC7F141C3F235D00830C84 /* Build configuration list for PBXProject "iSearch" */ = {
			isa = XCConfigurationList;
			buildConfigurations = (
				23EC7F291C3F235E00830C84 /* Debug */,
				23EC7F2A1C3F235E00830C84 /* Release */,
			);
			defaultConfigurationIsVisible = 0;
			defaultConfigurationName = Release;
		};
		23EC7F2B1C3F235E00830C84 /* Build configuration list for PBXNativeTarget "iSearch" */ = {
			isa = XCConfigurationList;
			buildConfigurations = (
				23EC7F2C1C3F235E00830C84 /* Debug */,
				23EC7F2D1C3F235E00830C84 /* Release */,
			);
			defaultConfigurationIsVisible = 0;
		};
/* End XCConfigurationList section */
	};
	rootObject = 23EC7F111C3F235D00830C84 /* Project object */;
}
